
Microsoft Visual Studio Solution File, Format Version 12.00
# Visual Studio Version 16
VisualStudioVersion = 16.0.31205.134
MinimumVisualStudioVersion = 10.0.40219.1
Project("{FAE04EC0-301F-11D3-BF4B-00C04F79EFBC}") = "DiscussionRoomReservationSystem", "DiscussionRoomReservationSystem.csproj", "{38ADD7C4-F34F-4C88-B532-D3D7D4B8E1D5}"
EndProject
Global
	GlobalSection(SolutionConfigurationPlatforms) = preSolution
		Debug|Any CPU = Debug|Any CPU
		Release|Any CPU = Release|Any CPU
	EndGlobalSection
	GlobalSection(ProjectConfigurationPlatforms) = postSolution
		{38ADD7C4-F34F-4C88-B532-D3D7D4B8E1D5}.Debug|Any CPU.ActiveCfg = Debug|Any CPU
		{38ADD7C4-F34F-4C88-B532-D3D7D4B8E1D5}.Debug|Any CPU.Build.0 = Debug|Any CPU
		{38ADD7C4-F34F-4C88-B532-D3D7D4B8E1D5}.Release|Any CPU.ActiveCfg = Release|Any CPU
		{38ADD7C4-F34F-4C88-B532-D3D7D4B8E1D5}.Release|Any CPU.Build.0 = Release|Any CPU
	EndGlobalSection
	GlobalSection(SolutionProperties) = preSolution
		HideSolutionNode = FALSE
	EndGlobalSection
	GlobalSection(ExtensibilityGlobals) = postSolution
		SolutionGuid = {8D7AB0FE-DB30-4C82-9B74-AF9A8F932F28}
	EndGlobalSection
EndGlobal
